// !$*UTF8*$!
{
	archiveVersion = 1;
	classes = {
	};
	objectVersion = 51;
	objects = {

/* Begin PBXBuildFile section */
		1E182EE7ADA0B3D2AE612D6D /* Pods_TalkApp.framework in Frameworks */ = {isa = PBXBuildFile; fileRef = C8C707F73A37439D3BD33D27 /* Pods_TalkApp.framework */; };
		F963FDF123811D1000287B62 /* UserModel.swift in Sources */ = {isa = PBXBuildFile; fileRef = F963FDF023811D1000287B62 /* UserModel.swift */; };
		F963FDF423812B6E00287B62 /* LoginViewController.swift in Sources */ = {isa = PBXBuildFile; fileRef = F963FDF323812B6E00287B62 /* LoginViewController.swift */; };
		F978678B2377C7C800CB0728 /* AppDelegate.swift in Sources */ = {isa = PBXBuildFile; fileRef = F978678A2377C7C800CB0728 /* AppDelegate.swift */; };
		F978678D2377C7C800CB0728 /* SceneDelegate.swift in Sources */ = {isa = PBXBuildFile; fileRef = F978678C2377C7C800CB0728 /* SceneDelegate.swift */; };
		F978678F2377C7C800CB0728 /* PeopleViewController.swift in Sources */ = {isa = PBXBuildFile; fileRef = F978678E2377C7C800CB0728 /* PeopleViewController.swift */; };
		F97867922377C7C800CB0728 /* Main.storyboard in Resources */ = {isa = PBXBuildFile; fileRef = F97867902377C7C800CB0728 /* Main.storyboard */; };
		F97867942377C7C900CB0728 /* Assets.xcassets in Resources */ = {isa = PBXBuildFile; fileRef = F97867932377C7C900CB0728 /* Assets.xcassets */; };
		F97867972377C7C900CB0728 /* LaunchScreen.storyboard in Resources */ = {isa = PBXBuildFile; fileRef = F97867952377C7C900CB0728 /* LaunchScreen.storyboard */; };
		F978679F2377DF0F00CB0728 /* GoogleService-Info.plist in Resources */ = {isa = PBXBuildFile; fileRef = F978679E2377DF0F00CB0728 /* GoogleService-Info.plist */; };
		F97867A12377E56100CB0728 /* SignUpViewController.swift in Sources */ = {isa = PBXBuildFile; fileRef = F97867A02377E56100CB0728 /* SignUpViewController.swift */; };
		F9E98630238A4E0900944532 /* ChatViewController.swift in Sources */ = {isa = PBXBuildFile; fileRef = F9E9862F238A4E0900944532 /* ChatViewController.swift */; };
		F9E98632238A5B5E00944532 /* ChatModel.swift in Sources */ = {isa = PBXBuildFile; fileRef = F9E98631238A5B5E00944532 /* ChatModel.swift */; };
/* End PBXBuildFile section */

/* Begin PBXFileReference section */
		704F5E620DA932AF2A9FBE91 /* Pods-TalkApp.release.xcconfig */ = {isa = PBXFileReference; includeInIndex = 1; lastKnownFileType = text.xcconfig; name = "Pods-TalkApp.release.xcconfig"; path = "Pods/Target Support Files/Pods-TalkApp/Pods-TalkApp.release.xcconfig"; sourceTree = "<group>"; };
		832487FBFD2CE0806253AF87 /* Pods-TalkApp.debug.xcconfig */ = {isa = PBXFileReference; includeInIndex = 1; lastKnownFileType = text.xcconfig; name = "Pods-TalkApp.debug.xcconfig"; path = "Pods/Target Support Files/Pods-TalkApp/Pods-TalkApp.debug.xcconfig"; sourceTree = "<group>"; };
		C8C707F73A37439D3BD33D27 /* Pods_TalkApp.framework */ = {isa = PBXFileReference; explicitFileType = wrapper.framework; includeInIndex = 0; path = Pods_TalkApp.framework; sourceTree = BUILT_PRODUCTS_DIR; };
		F963FDF023811D1000287B62 /* UserModel.swift */ = {isa = PBXFileReference; lastKnownFileType = sourcecode.swift; path = UserModel.swift; sourceTree = "<group>"; };
		F963FDF323812B6E00287B62 /* LoginViewController.swift */ = {isa = PBXFileReference; lastKnownFileType = sourcecode.swift; path = LoginViewController.swift; sourceTree = "<group>"; };
		F97867872377C7C800CB0728 /* TalkApp.app */ = {isa = PBXFileReference; explicitFileType = wrapper.application; includeInIndex = 0; path = TalkApp.app; sourceTree = BUILT_PRODUCTS_DIR; };
		F978678A2377C7C800CB0728 /* AppDelegate.swift */ = {isa = PBXFileReference; lastKnownFileType = sourcecode.swift; path = AppDelegate.swift; sourceTree = "<group>"; };
		F978678C2377C7C800CB0728 /* SceneDelegate.swift */ = {isa = PBXFileReference; lastKnownFileType = sourcecode.swift; path = SceneDelegate.swift; sourceTree = "<group>"; };
		F978678E2377C7C800CB0728 /* PeopleViewController.swift */ = {isa = PBXFileReference; lastKnownFileType = sourcecode.swift; path = PeopleViewController.swift; sourceTree = "<group>"; };
		F97867912377C7C800CB0728 /* Base */ = {isa = PBXFileReference; lastKnownFileType = file.storyboard; name = Base; path = Base.lproj/Main.storyboard; sourceTree = "<group>"; };
		F97867932377C7C900CB0728 /* Assets.xcassets */ = {isa = PBXFileReference; lastKnownFileType = folder.assetcatalog; path = Assets.xcassets; sourceTree = "<group>"; };
		F97867962377C7C900CB0728 /* Base */ = {isa = PBXFileReference; lastKnownFileType = file.storyboard; name = Base; path = Base.lproj/LaunchScreen.storyboard; sourceTree = "<group>"; };
		F97867982377C7C900CB0728 /* Info.plist */ = {isa = PBXFileReference; lastKnownFileType = text.plist.xml; path = Info.plist; sourceTree = "<group>"; };
		F978679E2377DF0F00CB0728 /* GoogleService-Info.plist */ = {isa = PBXFileReference; fileEncoding = 4; lastKnownFileType = text.plist.xml; path = "GoogleService-Info.plist"; sourceTree = "<group>"; };
		F97867A02377E56100CB0728 /* SignUpViewController.swift */ = {isa = PBXFileReference; lastKnownFileType = sourcecode.swift; path = SignUpViewController.swift; sourceTree = "<group>"; };
		F9E9862F238A4E0900944532 /* ChatViewController.swift */ = {isa = PBXFileReference; lastKnownFileType = sourcecode.swift; path = ChatViewController.swift; sourceTree = "<group>"; };
		F9E98631238A5B5E00944532 /* ChatModel.swift */ = {isa = PBXFileReference; lastKnownFileType = sourcecode.swift; path = ChatModel.swift; sourceTree = "<group>"; };
/* End PBXFileReference section */

/* Begin PBXFrameworksBuildPhase section */
		F97867842377C7C800CB0728 /* Frameworks */ = {
			isa = PBXFrameworksBuildPhase;
			buildActionMask = 2147483647;
			files = (
				1E182EE7ADA0B3D2AE612D6D /* Pods_TalkApp.framework in Frameworks */,
			);
			runOnlyForDeploymentPostprocessing = 0;
		};
/* End PBXFrameworksBuildPhase section */

/* Begin PBXGroup section */
		2342520CCD8C9BA3C37B8A19 /* Pods */ = {
			isa = PBXGroup;
			children = (
				832487FBFD2CE0806253AF87 /* Pods-TalkApp.debug.xcconfig */,
				704F5E620DA932AF2A9FBE91 /* Pods-TalkApp.release.xcconfig */,
			);
			name = Pods;
			sourceTree = "<group>";
		};
		9275F939E7427D2F29EF91AC /* Frameworks */ = {
			isa = PBXGroup;
			children = (
				C8C707F73A37439D3BD33D27 /* Pods_TalkApp.framework */,
			);
			name = Frameworks;
			sourceTree = "<group>";
		};
		F978677E2377C7C800CB0728 = {
			isa = PBXGroup;
			children = (
				F97867892377C7C800CB0728 /* TalkApp */,
				F97867882377C7C800CB0728 /* Products */,
				2342520CCD8C9BA3C37B8A19 /* Pods */,
				9275F939E7427D2F29EF91AC /* Frameworks */,
			);
			sourceTree = "<group>";
		};
		F97867882377C7C800CB0728 /* Products */ = {
			isa = PBXGroup;
			children = (
				F97867872377C7C800CB0728 /* TalkApp.app */,
			);
			name = Products;
			sourceTree = "<group>";
		};
		F97867892377C7C800CB0728 /* TalkApp */ = {
			isa = PBXGroup;
			children = (
				F9F30878239A30E5002E6F11 /* Storyboard */,
				F9F30877239A2DD7002E6F11 /* Model */,
				F9F30876239A2DC0002E6F11 /* Main */,
				F9F30875239A2167002E6F11 /* Account */,
				F978678A2377C7C800CB0728 /* AppDelegate.swift */,
				F978678C2377C7C800CB0728 /* SceneDelegate.swift */,
				F97867932377C7C900CB0728 /* Assets.xcassets */,
				F97867952377C7C900CB0728 /* LaunchScreen.storyboard */,
				F978679E2377DF0F00CB0728 /* GoogleService-Info.plist */,
				F97867982377C7C900CB0728 /* Info.plist */,
			);
			path = TalkApp;
			sourceTree = "<group>";
		};
		F9F30875239A2167002E6F11 /* Account */ = {
			isa = PBXGroup;
			children = (
				F97867A02377E56100CB0728 /* SignUpViewController.swift */,
				F963FDF323812B6E00287B62 /* LoginViewController.swift */,
			);
			path = Account;
			sourceTree = "<group>";
		};
		F9F30876239A2DC0002E6F11 /* Main */ = {
			isa = PBXGroup;
			children = (
				F978678E2377C7C800CB0728 /* PeopleViewController.swift */,
				F9E9862F238A4E0900944532 /* ChatViewController.swift */,
			);
			path = Main;
			sourceTree = "<group>";
		};
		F9F30877239A2DD7002E6F11 /* Model */ = {
			isa = PBXGroup;
			children = (
				F963FDF023811D1000287B62 /* UserModel.swift */,
				F9E98631238A5B5E00944532 /* ChatModel.swift */,
			);
			path = Model;
			sourceTree = "<group>";
		};
		F9F30878239A30E5002E6F11 /* Storyboard */ = {
			isa = PBXGroup;
			children = (
				F97867902377C7C800CB0728 /* Main.storyboard */,
			);
			path = Storyboard;
			sourceTree = "<group>";
		};
/* End PBXGroup section */

/* Begin PBXNativeTarget section */
		F97867862377C7C800CB0728 /* TalkApp */ = {
			isa = PBXNativeTarget;
			buildConfigurationList = F978679B2377C7C900CB0728 /* Build configuration list for PBXNativeTarget "TalkApp" */;
			buildPhases = (
				AD2B94125BDEE8342DA44466 /* [CP] Check Pods Manifest.lock */,
				F97867832377C7C800CB0728 /* Sources */,
				F97867842377C7C800CB0728 /* Frameworks */,
				F97867852377C7C800CB0728 /* Resources */,
				257BB1D7ADFF64DF97F49EF3 /* [CP] Embed Pods Frameworks */,
			);
			buildRules = (
			);
			dependencies = (
			);
			name = TalkApp;
			productName = TalkApp;
			productReference = F97867872377C7C800CB0728 /* TalkApp.app */;
			productType = "com.apple.product-type.application";
		};
/* End PBXNativeTarget section */

/* Begin PBXProject section */
		F978677F2377C7C800CB0728 /* Project object */ = {
			isa = PBXProject;
			attributes = {
				LastSwiftUpdateCheck = 1120;
				LastUpgradeCheck = 1120;
				ORGANIZATIONNAME = inswag;
				TargetAttributes = {
					F97867862377C7C800CB0728 = {
						CreatedOnToolsVersion = 11.2;
					};
				};
			};
			buildConfigurationList = F97867822377C7C800CB0728 /* Build configuration list for PBXProject "TalkApp" */;
			compatibilityVersion = "Xcode 9.3";
			developmentRegion = en;
			hasScannedForEncodings = 0;
			knownRegions = (
				en,
				Base,
			);
			mainGroup = F978677E2377C7C800CB0728;
			productRefGroup = F97867882377C7C800CB0728 /* Products */;
			projectDirPath = "";
			projectRoot = "";
			targets = (
				F97867862377C7C800CB0728 /* TalkApp */,
			);
		};
/* End PBXProject section */

/* Begin PBXResourcesBuildPhase section */
		F97867852377C7C800CB0728 /* Resources */ = {
			isa = PBXResourcesBuildPhase;
			buildActionMask = 2147483647;
			files = (
				F97867972377C7C900CB0728 /* LaunchScreen.storyboard in Resources */,
				F97867942377C7C900CB0728 /* Assets.xcassets in Resources */,
				F97867922377C7C800CB0728 /* Main.storyboard in Resources */,
				F978679F2377DF0F00CB0728 /* GoogleService-Info.plist in Resources */,
			);
			runOnlyForDeploymentPostprocessing = 0;
		};
/* End PBXResourcesBuildPhase section */

/* Begin PBXShellScriptBuildPhase section */
		257BB1D7ADFF64DF97F49EF3 /* [CP] Embed Pods Frameworks */ = {
			isa = PBXShellScriptBuildPhase;
			buildActionMask = 2147483647;
			files = (
			);
			inputFileListPaths = (
				"${PODS_ROOT}/Target Support Files/Pods-TalkApp/Pods-TalkApp-frameworks-${CONFIGURATION}-input-files.xcfilelist",
			);
			name = "[CP] Embed Pods Frameworks";
			outputFileListPaths = (
				"${PODS_ROOT}/Target Support Files/Pods-TalkApp/Pods-TalkApp-frameworks-${CONFIGURATION}-output-files.xcfilelist",
			);
			runOnlyForDeploymentPostprocessing = 0;
			shellPath = /bin/sh;
			shellScript = "\"${PODS_ROOT}/Target Support Files/Pods-TalkApp/Pods-TalkApp-frameworks.sh\"\n";
			showEnvVarsInLog = 0;
		};
		AD2B94125BDEE8342DA44466 /* [CP] Check Pods Manifest.lock */ = {
			isa = PBXShellScriptBuildPhase;
			buildActionMask = 2147483647;
			files = (
			);
			inputPaths = (
				"${PODS_PODFILE_DIR_PATH}/Podfile.lock",
				"${PODS_ROOT}/Manifest.lock",
			);
			name = "[CP] Check Pods Manifest.lock";
			outputPaths = (
				"$(DERIVED_FILE_DIR)/Pods-TalkApp-checkManifestLockResult.txt",
			);
			runOnlyForDeploymentPostprocessing = 0;
			shellPath = /bin/sh;
			shellScript = "diff \"${PODS_PODFILE_DIR_PATH}/Podfile.lock\" \"${PODS_ROOT}/Manifest.lock\" > /dev/null\nif [ $? != 0 ] ; then\n    # print error to STDERR\n    echo \"error: The sandbox is not in sync with the Podfile.lock. Run 'pod install' or update your CocoaPods installation.\" >&2\n    exit 1\nfi\n# This output is used by Xcode 'outputs' to avoid re-running this script phase.\necho \"SUCCESS\" > \"${SCRIPT_OUTPUT_FILE_0}\"\n";
			showEnvVarsInLog = 0;
		};
/* End PBXShellScriptBuildPhase section */

/* Begin PBXSourcesBuildPhase section */
		F97867832377C7C800CB0728 /* Sources */ = {
			isa = PBXSourcesBuildPhase;
			buildActionMask = 2147483647;
			files = (
				F963FDF423812B6E00287B62 /* LoginViewController.swift in Sources */,
				F978678F2377C7C800CB0728 /* PeopleViewController.swift in Sources */,
				F978678B2377C7C800CB0728 /* AppDelegate.swift in Sources */,
				F9E98632238A5B5E00944532 /* ChatModel.swift in Sources */,
				F9E98630238A4E0900944532 /* ChatViewController.swift in Sources */,
				F97867A12377E56100CB0728 /* SignUpViewController.swift in Sources */,
				F963FDF123811D1000287B62 /* UserModel.swift in Sources */,
				F978678D2377C7C800CB0728 /* SceneDelegate.swift in Sources */,
			);
			runOnlyForDeploymentPostprocessing = 0;
		};
/* End PBXSourcesBuildPhase section */

/* Begin PBXVariantGroup section */
		F97867902377C7C800CB0728 /* Main.storyboard */ = {
			isa = PBXVariantGroup;
			children = (
				F97867912377C7C800CB0728 /* Base */,
			);
			name = Main.storyboard;
			sourceTree = "<group>";
		};
		F97867952377C7C900CB0728 /* LaunchScreen.storyboard */ = {
			isa = PBXVariantGroup;
			children = (
				F97867962377C7C900CB0728 /* Base */,
			);
			name = LaunchScreen.storyboard;
			sourceTree = "<group>";
		};
/* End PBXVariantGroup section */

/* Begin XCBuildConfiguration section */
		F97867992377C7C900CB0728 /* Debug */ = {
			isa = XCBuildConfiguration;
			buildSettings = {
				ALWAYS_SEARCH_USER_PATHS = NO;
				CLANG_ANALYZER_NONNULL = YES;
				CLANG_ANALYZER_NUMBER_OBJECT_CONVERSION = YES_AGGRESSIVE;
				CLANG_CXX_LANGUAGE_STANDARD = "gnu++14";
				CLANG_CXX_LIBRARY = "libc++";
				CLANG_ENABLE_MODULES = YES;
				CLANG_ENABLE_OBJC_ARC = YES;
				CLANG_ENABLE_OBJC_WEAK = YES;
				CLANG_WARN_BLOCK_CAPTURE_AUTORELEASING = YES;
				CLANG_WARN_BOOL_CONVERSION = YES;
				CLANG_WARN_COMMA = YES;
				CLANG_WARN_CONSTANT_CONVERSION = YES;
				CLANG_WARN_DEPRECATED_OBJC_IMPLEMENTATIONS = YES;
				CLANG_WARN_DIRECT_OBJC_ISA_USAGE = YES_ERROR;
				CLANG_WARN_DOCUMENTATION_COMMENTS = YES;
				CLANG_WARN_EMPTY_BODY = YES;
				CLANG_WARN_ENUM_CONVERSION = YES;
				CLANG_WARN_INFINITE_RECURSION = YES;
				CLANG_WARN_INT_CONVERSION = YES;
				CLANG_WARN_NON_LITERAL_NULL_CONVERSION = YES;
				CLANG_WARN_OBJC_IMPLICIT_RETAIN_SELF = YES;
				CLANG_WARN_OBJC_LITERAL_CONVERSION = YES;
				CLANG_WARN_OBJC_ROOT_CLASS = YES_ERROR;
				CLANG_WARN_RANGE_LOOP_ANALYSIS = YES;
				CLANG_WARN_STRICT_PROTOTYPES = YES;
				CLANG_WARN_SUSPICIOUS_MOVE = YES;
				CLANG_WARN_UNGUARDED_AVAILABILITY = YES_AGGRESSIVE;
				CLANG_WARN_UNREACHABLE_CODE = YES;
				CLANG_WARN__DUPLICATE_METHOD_MATCH = YES;
				COPY_PHASE_STRIP = NO;
				DEBUG_INFORMATION_FORMAT = dwarf;
				ENABLE_STRICT_OBJC_MSGSEND = YES;
				ENABLE_TESTABILITY = YES;
				GCC_C_LANGUAGE_STANDARD = gnu11;
				GCC_DYNAMIC_NO_PIC = NO;
				GCC_NO_COMMON_BLOCKS = YES;
				GCC_OPTIMIZATION_LEVEL = 0;
				GCC_PREPROCESSOR_DEFINITIONS = (
					"DEBUG=1",
					"$(inherited)",
				);
				GCC_WARN_64_TO_32_BIT_CONVERSION = YES;
				GCC_WARN_ABOUT_RETURN_TYPE = YES_ERROR;
				GCC_WARN_UNDECLARED_SELECTOR = YES;
				GCC_WARN_UNINITIALIZED_AUTOS = YES_AGGRESSIVE;
				GCC_WARN_UNUSED_FUNCTION = YES;
				GCC_WARN_UNUSED_VARIABLE = YES;
				IPHONEOS_DEPLOYMENT_TARGET = 13.2;
				MTL_ENABLE_DEBUG_INFO = INCLUDE_SOURCE;
				MTL_FAST_MATH = YES;
				ONLY_ACTIVE_ARCH = YES;
				SDKROOT = iphoneos;
				SWIFT_ACTIVE_COMPILATION_CONDITIONS = DEBUG;
				SWIFT_OPTIMIZATION_LEVEL = "-Onone";
			};
			name = Debug;
		};
		F978679A2377C7C900CB0728 /* Release */ = {
			isa = XCBuildConfiguration;
			buildSettings = {
				ALWAYS_SEARCH_USER_PATHS = NO;
				CLANG_ANALYZER_NONNULL = YES;
				CLANG_ANALYZER_NUMBER_OBJECT_CONVERSION = YES_AGGRESSIVE;
				CLANG_CXX_LANGUAGE_STANDARD = "gnu++14";
				CLANG_CXX_LIBRARY = "libc++";
				CLANG_ENABLE_MODULES = YES;
				CLANG_ENABLE_OBJC_ARC = YES;
				CLANG_ENABLE_OBJC_WEAK = YES;
				CLANG_WARN_BLOCK_CAPTURE_AUTORELEASING = YES;
				CLANG_WARN_BOOL_CONVERSION = YES;
				CLANG_WARN_COMMA = YES;
				CLANG_WARN_CONSTANT_CONVERSION = YES;
				CLANG_WARN_DEPRECATED_OBJC_IMPLEMENTATIONS = YES;
				CLANG_WARN_DIRECT_OBJC_ISA_USAGE = YES_ERROR;
				CLANG_WARN_DOCUMENTATION_COMMENTS = YES;
				CLANG_WARN_EMPTY_BODY = YES;
				CLANG_WARN_ENUM_CONVERSION = YES;
				CLANG_WARN_INFINITE_RECURSION = YES;
				CLANG_WARN_INT_CONVERSION = YES;
				CLANG_WARN_NON_LITERAL_NULL_CONVERSION = YES;
				CLANG_WARN_OBJC_IMPLICIT_RETAIN_SELF = YES;
				CLANG_WARN_OBJC_LITERAL_CONVERSION = YES;
				CLANG_WARN_OBJC_ROOT_CLASS = YES_ERROR;
				CLANG_WARN_RANGE_LOOP_ANALYSIS = YES;
				CLANG_WARN_STRICT_PROTOTYPES = YES;
				CLANG_WARN_SUSPICIOUS_MOVE = YES;
				CLANG_WARN_UNGUARDED_AVAILABILITY = YES_AGGRESSIVE;
				CLANG_WARN_UNREACHABLE_CODE = YES;
				CLANG_WARN__DUPLICATE_METHOD_MATCH = YES;
				COPY_PHASE_STRIP = NO;
				DEBUG_INFORMATION_FORMAT = "dwarf-with-dsym";
				ENABLE_NS_ASSERTIONS = NO;
				ENABLE_STRICT_OBJC_MSGSEND = YES;
				GCC_C_LANGUAGE_STANDARD = gnu11;
				GCC_NO_COMMON_BLOCKS = YES;
				GCC_WARN_64_TO_32_BIT_CONVERSION = YES;
				GCC_WARN_ABOUT_RETURN_TYPE = YES_ERROR;
				GCC_WARN_UNDECLARED_SELECTOR = YES;
				GCC_WARN_UNINITIALIZED_AUTOS = YES_AGGRESSIVE;
				GCC_WARN_UNUSED_FUNCTION = YES;
				GCC_WARN_UNUSED_VARIABLE = YES;
				IPHONEOS_DEPLOYMENT_TARGET = 13.2;
				MTL_ENABLE_DEBUG_INFO = NO;
				MTL_FAST_MATH = YES;
				SDKROOT = iphoneos;
				SWIFT_COMPILATION_MODE = wholemodule;
				SWIFT_OPTIMIZATION_LEVEL = "-O";
				VALIDATE_PRODUCT = YES;
			};
			name = Release;
		};
		F978679C2377C7C900CB0728 /* Debug */ = {
			isa = XCBuildConfiguration;
			baseConfigurationReference = 832487FBFD2CE0806253AF87 /* Pods-TalkApp.debug.xcconfig */;
			buildSettings = {
				ASSETCATALOG_COMPILER_APPICON_NAME = AppIcon;
				CODE_SIGN_STYLE = Automatic;
				DEVELOPMENT_TEAM = C6T929VMZT;
				INFOPLIST_FILE = TalkApp/Info.plist;
				LD_RUNPATH_SEARCH_PATHS = (
					"$(inherited)",
					"@executable_path/Frameworks",
				);
				PRODUCT_BUNDLE_IDENTIFIER = kr.inswag.TalkApp;
				PRODUCT_NAME = "$(TARGET_NAME)";
				SWIFT_VERSION = 5.0;
				TARGETED_DEVICE_FAMILY = "1,2";
			};
			name = Debug;
		};
		F978679D2377C7C900CB0728 /* Release */ = {
			isa = XCBuildConfiguration;
			baseConfigurationReference = 704F5E620DA932AF2A9FBE91 /* Pods-TalkApp.release.xcconfig */;
			buildSettings = {
				ASSETCATALOG_COMPILER_APPICON_NAME = AppIcon;
				CODE_SIGN_STYLE = Automatic;
				DEVELOPMENT_TEAM = C6T929VMZT;
				INFOPLIST_FILE = TalkApp/Info.plist;
				LD_RUNPATH_SEARCH_PATHS = (
					"$(inherited)",
					"@executable_path/Frameworks",
				);
				PRODUCT_BUNDLE_IDENTIFIER = kr.inswag.TalkApp;
				PRODUCT_NAME = "$(TARGET_NAME)";
				SWIFT_VERSION = 5.0;
				TARGETED_DEVICE_FAMILY = "1,2";
			};
			name = Release;
		};
/* End XCBuildConfiguration section */

/* Begin XCConfigurationList section */
		F97867822377C7C800CB0728 /* Build configuration list for PBXProject "TalkApp" */ = {
			isa = XCConfigurationList;
			buildConfigurations = (
				F97867992377C7C900CB0728 /* Debug */,
				F978679A2377C7C900CB0728 /* Release */,
			);
			defaultConfigurationIsVisible = 0;
			defaultConfigurationName = Release;
		};
		F978679B2377C7C900CB0728 /* Build configuration list for PBXNativeTarget "TalkApp" */ = {
			isa = XCConfigurationList;
			buildConfigurations = (
				F978679C2377C7C900CB0728 /* Debug */,
				F978679D2377C7C900CB0728 /* Release */,
			);
			defaultConfigurationIsVisible = 0;
			defaultConfigurationName = Release;
		};
/* End XCConfigurationList section */
	};
	rootObject = F978677F2377C7C800CB0728 /* Project object */;
}
